
Microsoft Visual Studio Solution File, Format Version 12.00
# Visual Studio Version 16
VisualStudioVersion = 16.0.32901.82
MinimumVisualStudioVersion = 10.0.40219.1
Project("{FAE04EC0-301F-11D3-BF4B-00C04F79EFBC}") = "QuizApp", "QuizApp.csproj", "{ED611C0C-505E-4215-9724-A835B9A02370}"
EndProject
Global
	GlobalSection(SolutionConfigurationPlatforms) = preSolution
		Debug|Any CPU = Debug|Any CPU
		Release|Any CPU = Release|Any CPU
	EndGlobalSection
	GlobalSection(ProjectConfigurationPlatforms) = postSolution
		{ED611C0C-505E-4215-9724-A835B9A02370}.Debug|Any CPU.ActiveCfg = Debug|Any CPU
		{ED611C0C-505E-4215-9724-A835B9A02370}.Debug|Any CPU.Build.0 = Debug|Any CPU
		{ED611C0C-505E-4215-9724-A835B9A02370}.Release|Any CPU.ActiveCfg = Release|Any CPU
		{ED611C0C-505E-4215-9724-A835B9A02370}.Release|Any CPU.Build.0 = Release|Any CPU
	EndGlobalSection
	GlobalSection(SolutionProperties) = preSolution
		HideSolutionNode = FALSE
	EndGlobalSection
	GlobalSection(ExtensibilityGlobals) = postSolution
		SolutionGuid = {B198D8E9-F47D-4627-B296-F8911F6155F7}
	EndGlobalSection
EndGlobal
